
Microsoft Visual Studio Solution File, Format Version 12.00
# Visual Studio Version 16
VisualStudioVersion = 16.0.29521.150
MinimumVisualStudioVersion = 10.0.40219.1
Project("{FAE04EC0-301F-11D3-BF4B-00C04F79EFBC}") = "DependencyPropertyDemo", "DependencyPropertyDemo\DependencyPropertyDemo.csproj", "{8F87C4A9-5582-4F98-A21C-09BA5F108F51}"
EndProject
Project("{FAE04EC0-301F-11D3-BF4B-00C04F79EFBC}") = "DependencyProperty.UserControls", "DependencyProperty.UserControls\DependencyProperty.UserControls.csproj", "{439DC898-7680-42A4-9F66-13F816AA46D2}"
EndProject
Global
	GlobalSection(SolutionConfigurationPlatforms) = preSolution
		Debug|Any CPU = Debug|Any CPU
		Release|Any CPU = Release|Any CPU
	EndGlobalSection
	GlobalSection(ProjectConfigurationPlatforms) = postSolution
		{8F87C4A9-5582-4F98-A21C-09BA5F108F51}.Debug|Any CPU.ActiveCfg = Debug|Any CPU
		{8F87C4A9-5582-4F98-A21C-09BA5F108F51}.Debug|Any CPU.Build.0 = Debug|Any CPU
		{8F87C4A9-5582-4F98-A21C-09BA5F108F51}.Release|Any CPU.ActiveCfg = Release|Any CPU
		{8F87C4A9-5582-4F98-A21C-09BA5F108F51}.Release|Any CPU.Build.0 = Release|Any CPU
		{439DC898-7680-42A4-9F66-13F816AA46D2}.Debug|Any CPU.ActiveCfg = Debug|Any CPU
		{439DC898-7680-42A4-9F66-13F816AA46D2}.Debug|Any CPU.Build.0 = Debug|Any CPU
		{439DC898-7680-42A4-9F66-13F816AA46D2}.Release|Any CPU.ActiveCfg = Release|Any CPU
		{439DC898-7680-42A4-9F66-13F816AA46D2}.Release|Any CPU.Build.0 = Release|Any CPU
	EndGlobalSection
	GlobalSection(SolutionProperties) = preSolution
		HideSolutionNode = FALSE
	EndGlobalSection
	GlobalSection(ExtensibilityGlobals) = postSolution
		SolutionGuid = {94D8D512-3B7B-49E9-B604-CE6DF9A8D876}
	EndGlobalSection
EndGlobal
